// !$*UTF8*$!
{
	archiveVersion = 1;
	classes = {
	};
	objectVersion = 50;
	objects = {

/* Begin PBXBuildFile section */
		F36BAFF622A9A22700B1CEDB /* AppDelegate.swift in Sources */ = {isa = PBXBuildFile; fileRef = F36BAFF522A9A22700B1CEDB /* AppDelegate.swift */; };
		F36BAFF822A9A22700B1CEDB /* MasterViewController.swift in Sources */ = {isa = PBXBuildFile; fileRef = F36BAFF722A9A22700B1CEDB /* MasterViewController.swift */; };
		F36BAFFA22A9A22700B1CEDB /* DetailViewController.swift in Sources */ = {isa = PBXBuildFile; fileRef = F36BAFF922A9A22700B1CEDB /* DetailViewController.swift */; };
		F36BAFFD22A9A22700B1CEDB /* Main.storyboard in Resources */ = {isa = PBXBuildFile; fileRef = F36BAFFB22A9A22700B1CEDB /* Main.storyboard */; };
		F36BAFFF22A9A22800B1CEDB /* Assets.xcassets in Resources */ = {isa = PBXBuildFile; fileRef = F36BAFFE22A9A22800B1CEDB /* Assets.xcassets */; };
		F36BB00222A9A22800B1CEDB /* LaunchScreen.storyboard in Resources */ = {isa = PBXBuildFile; fileRef = F36BB00022A9A22800B1CEDB /* LaunchScreen.storyboard */; };
		F36BB00D22A9A3B000B1CEDB /* TouchesBegan.swift in Sources */ = {isa = PBXBuildFile; fileRef = F36BB00C22A9A3B000B1CEDB /* TouchesBegan.swift */; };
/* End PBXBuildFile section */

/* Begin PBXFileReference section */
		F36BAFF222A9A22700B1CEDB /* ResponderChainDemo.app */ = {isa = PBXFileReference; explicitFileType = wrapper.application; includeInIndex = 0; path = ResponderChainDemo.app; sourceTree = BUILT_PRODUCTS_DIR; };
		F36BAFF522A9A22700B1CEDB /* AppDelegate.swift */ = {isa = PBXFileReference; lastKnownFileType = sourcecode.swift; path = AppDelegate.swift; sourceTree = "<group>"; };
		F36BAFF722A9A22700B1CEDB /* MasterViewController.swift */ = {isa = PBXFileReference; lastKnownFileType = sourcecode.swift; path = MasterViewController.swift; sourceTree = "<group>"; };
		F36BAFF922A9A22700B1CEDB /* DetailViewController.swift */ = {isa = PBXFileReference; lastKnownFileType = sourcecode.swift; path = DetailViewController.swift; sourceTree = "<group>"; };
		F36BAFFC22A9A22700B1CEDB /* Base */ = {isa = PBXFileReference; lastKnownFileType = file.storyboard; name = Base; path = Base.lproj/Main.storyboard; sourceTree = "<group>"; };
		F36BAFFE22A9A22800B1CEDB /* Assets.xcassets */ = {isa = PBXFileReference; lastKnownFileType = folder.assetcatalog; path = Assets.xcassets; sourceTree = "<group>"; };
		F36BB00122A9A22800B1CEDB /* Base */ = {isa = PBXFileReference; lastKnownFileType = file.storyboard; name = Base; path = Base.lproj/LaunchScreen.storyboard; sourceTree = "<group>"; };
		F36BB00322A9A22800B1CEDB /* Info.plist */ = {isa = PBXFileReference; lastKnownFileType = text.plist.xml; path = Info.plist; sourceTree = "<group>"; };
		F36BB00C22A9A3B000B1CEDB /* TouchesBegan.swift */ = {isa = PBXFileReference; lastKnownFileType = sourcecode.swift; path = TouchesBegan.swift; sourceTree = "<group>"; };
/* End PBXFileReference section */

/* Begin PBXFrameworksBuildPhase section */
		F36BAFEF22A9A22700B1CEDB /* Frameworks */ = {
			isa = PBXFrameworksBuildPhase;
			buildActionMask = 2147483647;
			files = (
			);
			runOnlyForDeploymentPostprocessing = 0;
		};
/* End PBXFrameworksBuildPhase section */

/* Begin PBXGroup section */
		F36BAFE922A9A22700B1CEDB = {
			isa = PBXGroup;
			children = (
				F36BAFF422A9A22700B1CEDB /* ResponderChainDemo */,
				F36BAFF322A9A22700B1CEDB /* Products */,
			);
			sourceTree = "<group>";
		};
		F36BAFF322A9A22700B1CEDB /* Products */ = {
			isa = PBXGroup;
			children = (
				F36BAFF222A9A22700B1CEDB /* ResponderChainDemo.app */,
			);
			name = Products;
			sourceTree = "<group>";
		};
		F36BAFF422A9A22700B1CEDB /* ResponderChainDemo */ = {
			isa = PBXGroup;
			children = (
				F36BB00B22A9A39200B1CEDB /* Extensions */,
				F36BAFF522A9A22700B1CEDB /* AppDelegate.swift */,
				F36BAFF722A9A22700B1CEDB /* MasterViewController.swift */,
				F36BAFF922A9A22700B1CEDB /* DetailViewController.swift */,
				F36BAFFB22A9A22700B1CEDB /* Main.storyboard */,
				F36BAFFE22A9A22800B1CEDB /* Assets.xcassets */,
				F36BB00022A9A22800B1CEDB /* LaunchScreen.storyboard */,
				F36BB00322A9A22800B1CEDB /* Info.plist */,
			);
			path = ResponderChainDemo;
			sourceTree = "<group>";
		};
		F36BB00B22A9A39200B1CEDB /* Extensions */ = {
			isa = PBXGroup;
			children = (
				F36BB00C22A9A3B000B1CEDB /* TouchesBegan.swift */,
			);
			path = Extensions;
			sourceTree = "<group>";
		};
/* End PBXGroup section */

/* Begin PBXNativeTarget section */
		F36BAFF122A9A22700B1CEDB /* ResponderChainDemo */ = {
			isa = PBXNativeTarget;
			buildConfigurationList = F36BB00622A9A22800B1CEDB /* Build configuration list for PBXNativeTarget "ResponderChainDemo" */;
			buildPhases = (
				F36BAFEE22A9A22700B1CEDB /* Sources */,
				F36BAFEF22A9A22700B1CEDB /* Frameworks */,
				F36BAFF022A9A22700B1CEDB /* Resources */,
			);
			buildRules = (
			);
			dependencies = (
			);
			name = ResponderChainDemo;
			productName = ResponderChainDemo;
			productReference = F36BAFF222A9A22700B1CEDB /* ResponderChainDemo.app */;
			productType = "com.apple.product-type.application";
		};
/* End PBXNativeTarget section */

/* Begin PBXProject section */
		F36BAFEA22A9A22700B1CEDB /* Project object */ = {
			isa = PBXProject;
			attributes = {
				LastSwiftUpdateCheck = 1020;
				LastUpgradeCheck = 1020;
				ORGANIZATIONNAME = CypherPoet;
				TargetAttributes = {
					F36BAFF122A9A22700B1CEDB = {
						CreatedOnToolsVersion = 10.2.1;
					};
				};
			};
			buildConfigurationList = F36BAFED22A9A22700B1CEDB /* Build configuration list for PBXProject "ResponderChainDemo" */;
			compatibilityVersion = "Xcode 9.3";
			developmentRegion = en;
			hasScannedForEncodings = 0;
			knownRegions = (
				en,
				Base,
			);
			mainGroup = F36BAFE922A9A22700B1CEDB;
			productRefGroup = F36BAFF322A9A22700B1CEDB /* Products */;
			projectDirPath = "";
			projectRoot = "";
			targets = (
				F36BAFF122A9A22700B1CEDB /* ResponderChainDemo */,
			);
		};
/* End PBXProject section */

/* Begin PBXResourcesBuildPhase section */
		F36BAFF022A9A22700B1CEDB /* Resources */ = {
			isa = PBXResourcesBuildPhase;
			buildActionMask = 2147483647;
			files = (
				F36BB00222A9A22800B1CEDB /* LaunchScreen.storyboard in Resources */,
				F36BAFFF22A9A22800B1CEDB /* Assets.xcassets in Resources */,
				F36BAFFD22A9A22700B1CEDB /* Main.storyboard in Resources */,
			);
			runOnlyForDeploymentPostprocessing = 0;
		};
/* End PBXResourcesBuildPhase section */

/* Begin PBXSourcesBuildPhase section */
		F36BAFEE22A9A22700B1CEDB /* Sources */ = {
			isa = PBXSourcesBuildPhase;
			buildActionMask = 2147483647;
			files = (
				F36BAFFA22A9A22700B1CEDB /* DetailViewController.swift in Sources */,
				F36BB00D22A9A3B000B1CEDB /* TouchesBegan.swift in Sources */,
				F36BAFF822A9A22700B1CEDB /* MasterViewController.swift in Sources */,
				F36BAFF622A9A22700B1CEDB /* AppDelegate.swift in Sources */,
			);
			runOnlyForDeploymentPostprocessing = 0;
		};
/* End PBXSourcesBuildPhase section */

/* Begin PBXVariantGroup section */
		F36BAFFB22A9A22700B1CEDB /* Main.storyboard */ = {
			isa = PBXVariantGroup;
			children = (
				F36BAFFC22A9A22700B1CEDB /* Base */,
			);
			name = Main.storyboard;
			sourceTree = "<group>";
		};
		F36BB00022A9A22800B1CEDB /* LaunchScreen.storyboard */ = {
			isa = PBXVariantGroup;
			children = (
				F36BB00122A9A22800B1CEDB /* Base */,
			);
			name = LaunchScreen.storyboard;
			sourceTree = "<group>";
		};
/* End PBXVariantGroup section */

/* Begin XCBuildConfiguration section */
		F36BB00422A9A22800B1CEDB /* Debug */ = {
			isa = XCBuildConfiguration;
			buildSettings = {
				ALWAYS_SEARCH_USER_PATHS = NO;
				CLANG_ANALYZER_NONNULL = YES;
				CLANG_ANALYZER_NUMBER_OBJECT_CONVERSION = YES_AGGRESSIVE;
				CLANG_CXX_LANGUAGE_STANDARD = "gnu++14";
				CLANG_CXX_LIBRARY = "libc++";
				CLANG_ENABLE_MODULES = YES;
				CLANG_ENABLE_OBJC_ARC = YES;
				CLANG_ENABLE_OBJC_WEAK = YES;
				CLANG_WARN_BLOCK_CAPTURE_AUTORELEASING = YES;
				CLANG_WARN_BOOL_CONVERSION = YES;
				CLANG_WARN_COMMA = YES;
				CLANG_WARN_CONSTANT_CONVERSION = YES;
				CLANG_WARN_DEPRECATED_OBJC_IMPLEMENTATIONS = YES;
				CLANG_WARN_DIRECT_OBJC_ISA_USAGE = YES_ERROR;
				CLANG_WARN_DOCUMENTATION_COMMENTS = YES;
				CLANG_WARN_EMPTY_BODY = YES;
				CLANG_WARN_ENUM_CONVERSION = YES;
				CLANG_WARN_INFINITE_RECURSION = YES;
				CLANG_WARN_INT_CONVERSION = YES;
				CLANG_WARN_NON_LITERAL_NULL_CONVERSION = YES;
				CLANG_WARN_OBJC_IMPLICIT_RETAIN_SELF = YES;
				CLANG_WARN_OBJC_LITERAL_CONVERSION = YES;
				CLANG_WARN_OBJC_ROOT_CLASS = YES_ERROR;
				CLANG_WARN_RANGE_LOOP_ANALYSIS = YES;
				CLANG_WARN_STRICT_PROTOTYPES = YES;
				CLANG_WARN_SUSPICIOUS_MOVE = YES;
				CLANG_WARN_UNGUARDED_AVAILABILITY = YES_AGGRESSIVE;
				CLANG_WARN_UNREACHABLE_CODE = YES;
				CLANG_WARN__DUPLICATE_METHOD_MATCH = YES;
				CODE_SIGN_IDENTITY = "iPhone Developer";
				COPY_PHASE_STRIP = NO;
				DEBUG_INFORMATION_FORMAT = dwarf;
				ENABLE_STRICT_OBJC_MSGSEND = YES;
				ENABLE_TESTABILITY = YES;
				GCC_C_LANGUAGE_STANDARD = gnu11;
				GCC_DYNAMIC_NO_PIC = NO;
				GCC_NO_COMMON_BLOCKS = YES;
				GCC_OPTIMIZATION_LEVEL = 0;
				GCC_PREPROCESSOR_DEFINITIONS = (
					"DEBUG=1",
					"$(inherited)",
				);
				GCC_WARN_64_TO_32_BIT_CONVERSION = YES;
				GCC_WARN_ABOUT_RETURN_TYPE = YES_ERROR;
				GCC_WARN_UNDECLARED_SELECTOR = YES;
				GCC_WARN_UNINITIALIZED_AUTOS = YES_AGGRESSIVE;
				GCC_WARN_UNUSED_FUNCTION = YES;
				GCC_WARN_UNUSED_VARIABLE = YES;
				IPHONEOS_DEPLOYMENT_TARGET = 12.2;
				MTL_ENABLE_DEBUG_INFO = INCLUDE_SOURCE;
				MTL_FAST_MATH = YES;
				ONLY_ACTIVE_ARCH = YES;
				SDKROOT = iphoneos;
				SWIFT_ACTIVE_COMPILATION_CONDITIONS = DEBUG;
				SWIFT_OPTIMIZATION_LEVEL = "-Onone";
			};
			name = Debug;
		};
		F36BB00522A9A22800B1CEDB /* Release */ = {
			isa = XCBuildConfiguration;
			buildSettings = {
				ALWAYS_SEARCH_USER_PATHS = NO;
				CLANG_ANALYZER_NONNULL = YES;
				CLANG_ANALYZER_NUMBER_OBJECT_CONVERSION = YES_AGGRESSIVE;
				CLANG_CXX_LANGUAGE_STANDARD = "gnu++14";
				CLANG_CXX_LIBRARY = "libc++";
				CLANG_ENABLE_MODULES = YES;
				CLANG_ENABLE_OBJC_ARC = YES;
				CLANG_ENABLE_OBJC_WEAK = YES;
				CLANG_WARN_BLOCK_CAPTURE_AUTORELEASING = YES;
				CLANG_WARN_BOOL_CONVERSION = YES;
				CLANG_WARN_COMMA = YES;
				CLANG_WARN_CONSTANT_CONVERSION = YES;
				CLANG_WARN_DEPRECATED_OBJC_IMPLEMENTATIONS = YES;
				CLANG_WARN_DIRECT_OBJC_ISA_USAGE = YES_ERROR;
				CLANG_WARN_DOCUMENTATION_COMMENTS = YES;
				CLANG_WARN_EMPTY_BODY = YES;
				CLANG_WARN_ENUM_CONVERSION = YES;
				CLANG_WARN_INFINITE_RECURSION = YES;
				CLANG_WARN_INT_CONVERSION = YES;
				CLANG_WARN_NON_LITERAL_NULL_CONVERSION = YES;
				CLANG_WARN_OBJC_IMPLICIT_RETAIN_SELF = YES;
				CLANG_WARN_OBJC_LITERAL_CONVERSION = YES;
				CLANG_WARN_OBJC_ROOT_CLASS = YES_ERROR;
				CLANG_WARN_RANGE_LOOP_ANALYSIS = YES;
				CLANG_WARN_STRICT_PROTOTYPES = YES;
				CLANG_WARN_SUSPICIOUS_MOVE = YES;
				CLANG_WARN_UNGUARDED_AVAILABILITY = YES_AGGRESSIVE;
				CLANG_WARN_UNREACHABLE_CODE = YES;
				CLANG_WARN__DUPLICATE_METHOD_MATCH = YES;
				CODE_SIGN_IDENTITY = "iPhone Developer";
				COPY_PHASE_STRIP = NO;
				DEBUG_INFORMATION_FORMAT = "dwarf-with-dsym";
				ENABLE_NS_ASSERTIONS = NO;
				ENABLE_STRICT_OBJC_MSGSEND = YES;
				GCC_C_LANGUAGE_STANDARD = gnu11;
				GCC_NO_COMMON_BLOCKS = YES;
				GCC_WARN_64_TO_32_BIT_CONVERSION = YES;
				GCC_WARN_ABOUT_RETURN_TYPE = YES_ERROR;
				GCC_WARN_UNDECLARED_SELECTOR = YES;
				GCC_WARN_UNINITIALIZED_AUTOS = YES_AGGRESSIVE;
				GCC_WARN_UNUSED_FUNCTION = YES;
				GCC_WARN_UNUSED_VARIABLE = YES;
				IPHONEOS_DEPLOYMENT_TARGET = 12.2;
				MTL_ENABLE_DEBUG_INFO = NO;
				MTL_FAST_MATH = YES;
				SDKROOT = iphoneos;
				SWIFT_COMPILATION_MODE = wholemodule;
				SWIFT_OPTIMIZATION_LEVEL = "-O";
				VALIDATE_PRODUCT = YES;
			};
			name = Release;
		};
		F36BB00722A9A22800B1CEDB /* Debug */ = {
			isa = XCBuildConfiguration;
			buildSettings = {
				ASSETCATALOG_COMPILER_APPICON_NAME = AppIcon;
				CODE_SIGN_STYLE = Automatic;
				DEVELOPMENT_TEAM = QRXXH2RKAG;
				INFOPLIST_FILE = ResponderChainDemo/Info.plist;
				LD_RUNPATH_SEARCH_PATHS = (
					"$(inherited)",
					"@executable_path/Frameworks",
				);
				PRODUCT_BUNDLE_IDENTIFIER = io.github.cypherpoet.ResponderChainDemo;
				PRODUCT_NAME = "$(TARGET_NAME)";
				SWIFT_VERSION = 5.0;
				TARGETED_DEVICE_FAMILY = "1,2";
			};
			name = Debug;
		};
		F36BB00822A9A22800B1CEDB /* Release */ = {
			isa = XCBuildConfiguration;
			buildSettings = {
				ASSETCATALOG_COMPILER_APPICON_NAME = AppIcon;
				CODE_SIGN_STYLE = Automatic;
				DEVELOPMENT_TEAM = QRXXH2RKAG;
				INFOPLIST_FILE = ResponderChainDemo/Info.plist;
				LD_RUNPATH_SEARCH_PATHS = (
					"$(inherited)",
					"@executable_path/Frameworks",
				);
				PRODUCT_BUNDLE_IDENTIFIER = io.github.cypherpoet.ResponderChainDemo;
				PRODUCT_NAME = "$(TARGET_NAME)";
				SWIFT_VERSION = 5.0;
				TARGETED_DEVICE_FAMILY = "1,2";
			};
			name = Release;
		};
/* End XCBuildConfiguration section */

/* Begin XCConfigurationList section */
		F36BAFED22A9A22700B1CEDB /* Build configuration list for PBXProject "ResponderChainDemo" */ = {
			isa = XCConfigurationList;
			buildConfigurations = (
				F36BB00422A9A22800B1CEDB /* Debug */,
				F36BB00522A9A22800B1CEDB /* Release */,
			);
			defaultConfigurationIsVisible = 0;
			defaultConfigurationName = Release;
		};
		F36BB00622A9A22800B1CEDB /* Build configuration list for PBXNativeTarget "ResponderChainDemo" */ = {
			isa = XCConfigurationList;
			buildConfigurations = (
				F36BB00722A9A22800B1CEDB /* Debug */,
				F36BB00822A9A22800B1CEDB /* Release */,
			);
			defaultConfigurationIsVisible = 0;
			defaultConfigurationName = Release;
		};
/* End XCConfigurationList section */
	};
	rootObject = F36BAFEA22A9A22700B1CEDB /* Project object */;
}
